// !$*UTF8*$!
{
	archiveVersion = 1;
	classes = {
	};
	objectVersion = 46;
	objects = {

/* Begin PBXBuildFile section */
		1DD59C8A1C82468A00D3CC48 /* AppDelegate.swift in Sources */ = {isa = PBXBuildFile; fileRef = 1DD59C891C82468A00D3CC48 /* AppDelegate.swift */; };
		1DD59C8C1C82468A00D3CC48 /* ViewController.swift in Sources */ = {isa = PBXBuildFile; fileRef = 1DD59C8B1C82468A00D3CC48 /* ViewController.swift */; };
		1DD59C8F1C82468A00D3CC48 /* Main.storyboard in Resources */ = {isa = PBXBuildFile; fileRef = 1DD59C8D1C82468A00D3CC48 /* Main.storyboard */; };
		1DD59C911C82468A00D3CC48 /* Assets.xcassets in Resources */ = {isa = PBXBuildFile; fileRef = 1DD59C901C82468A00D3CC48 /* Assets.xcassets */; };
		1DD59C941C82468A00D3CC48 /* LaunchScreen.storyboard in Resources */ = {isa = PBXBuildFile; fileRef = 1DD59C921C82468A00D3CC48 /* LaunchScreen.storyboard */; };
		1DD59C9F1C82468A00D3CC48 /* TumblrTests.swift in Sources */ = {isa = PBXBuildFile; fileRef = 1DD59C9E1C82468A00D3CC48 /* TumblrTests.swift */; };
		1DD59CAA1C82468A00D3CC48 /* TumblrUITests.swift in Sources */ = {isa = PBXBuildFile; fileRef = 1DD59CA91C82468A00D3CC48 /* TumblrUITests.swift */; };
		1DD59CB81C825D7900D3CC48 /* TabBarViewController.swift in Sources */ = {isa = PBXBuildFile; fileRef = 1DD59CB71C825D7900D3CC48 /* TabBarViewController.swift */; };
		1DD59CBA1C825E7D00D3CC48 /* HomeViewController.swift in Sources */ = {isa = PBXBuildFile; fileRef = 1DD59CB91C825E7D00D3CC48 /* HomeViewController.swift */; };
		1DD59CBC1C825EAC00D3CC48 /* SearchViewController.swift in Sources */ = {isa = PBXBuildFile; fileRef = 1DD59CBB1C825EAC00D3CC48 /* SearchViewController.swift */; };
		1DD59CBE1C825EB400D3CC48 /* ComposeViewController.swift in Sources */ = {isa = PBXBuildFile; fileRef = 1DD59CBD1C825EB400D3CC48 /* ComposeViewController.swift */; };
		1DD59CC01C825EBE00D3CC48 /* AccountViewController.swift in Sources */ = {isa = PBXBuildFile; fileRef = 1DD59CBF1C825EBE00D3CC48 /* AccountViewController.swift */; };
		1DD59CC21C825EC300D3CC48 /* TrendingViewController.swift in Sources */ = {isa = PBXBuildFile; fileRef = 1DD59CC11C825EC300D3CC48 /* TrendingViewController.swift */; };
		1DEBC3A81C82A33800569DCD /* LoginViewController.swift in Sources */ = {isa = PBXBuildFile; fileRef = 1DEBC3A71C82A33800569DCD /* LoginViewController.swift */; };
/* End PBXBuildFile section */

/* Begin PBXContainerItemProxy section */
		1DD59C9B1C82468A00D3CC48 /* PBXContainerItemProxy */ = {
			isa = PBXContainerItemProxy;
			containerPortal = 1DD59C7E1C82468A00D3CC48 /* Project object */;
			proxyType = 1;
			remoteGlobalIDString = 1DD59C851C82468A00D3CC48;
			remoteInfo = Tumblr;
		};
		1DD59CA61C82468A00D3CC48 /* PBXContainerItemProxy */ = {
			isa = PBXContainerItemProxy;
			containerPortal = 1DD59C7E1C82468A00D3CC48 /* Project object */;
			proxyType = 1;
			remoteGlobalIDString = 1DD59C851C82468A00D3CC48;
			remoteInfo = Tumblr;
		};
/* End PBXContainerItemProxy section */

/* Begin PBXFileReference section */
		1DD59C861C82468A00D3CC48 /* Tumblr.app */ = {isa = PBXFileReference; explicitFileType = wrapper.application; includeInIndex = 0; path = Tumblr.app; sourceTree = BUILT_PRODUCTS_DIR; };
		1DD59C891C82468A00D3CC48 /* AppDelegate.swift */ = {isa = PBXFileReference; lastKnownFileType = sourcecode.swift; path = AppDelegate.swift; sourceTree = "<group>"; };
		1DD59C8B1C82468A00D3CC48 /* ViewController.swift */ = {isa = PBXFileReference; lastKnownFileType = sourcecode.swift; path = ViewController.swift; sourceTree = "<group>"; };
		1DD59C8E1C82468A00D3CC48 /* Base */ = {isa = PBXFileReference; lastKnownFileType = file.storyboard; name = Base; path = Base.lproj/Main.storyboard; sourceTree = "<group>"; };
		1DD59C901C82468A00D3CC48 /* Assets.xcassets */ = {isa = PBXFileReference; lastKnownFileType = folder.assetcatalog; path = Assets.xcassets; sourceTree = "<group>"; };
		1DD59C931C82468A00D3CC48 /* Base */ = {isa = PBXFileReference; lastKnownFileType = file.storyboard; name = Base; path = Base.lproj/LaunchScreen.storyboard; sourceTree = "<group>"; };
		1DD59C951C82468A00D3CC48 /* Info.plist */ = {isa = PBXFileReference; lastKnownFileType = text.plist.xml; path = Info.plist; sourceTree = "<group>"; };
		1DD59C9A1C82468A00D3CC48 /* TumblrTests.xctest */ = {isa = PBXFileReference; explicitFileType = wrapper.cfbundle; includeInIndex = 0; path = TumblrTests.xctest; sourceTree = BUILT_PRODUCTS_DIR; };
		1DD59C9E1C82468A00D3CC48 /* TumblrTests.swift */ = {isa = PBXFileReference; lastKnownFileType = sourcecode.swift; path = TumblrTests.swift; sourceTree = "<group>"; };
		1DD59CA01C82468A00D3CC48 /* Info.plist */ = {isa = PBXFileReference; lastKnownFileType = text.plist.xml; path = Info.plist; sourceTree = "<group>"; };
		1DD59CA51C82468A00D3CC48 /* TumblrUITests.xctest */ = {isa = PBXFileReference; explicitFileType = wrapper.cfbundle; includeInIndex = 0; path = TumblrUITests.xctest; sourceTree = BUILT_PRODUCTS_DIR; };
		1DD59CA91C82468A00D3CC48 /* TumblrUITests.swift */ = {isa = PBXFileReference; lastKnownFileType = sourcecode.swift; path = TumblrUITests.swift; sourceTree = "<group>"; };
		1DD59CAB1C82468A00D3CC48 /* Info.plist */ = {isa = PBXFileReference; lastKnownFileType = text.plist.xml; path = Info.plist; sourceTree = "<group>"; };
		1DD59CB71C825D7900D3CC48 /* TabBarViewController.swift */ = {isa = PBXFileReference; fileEncoding = 4; lastKnownFileType = sourcecode.swift; path = TabBarViewController.swift; sourceTree = "<group>"; };
		1DD59CB91C825E7D00D3CC48 /* HomeViewController.swift */ = {isa = PBXFileReference; fileEncoding = 4; lastKnownFileType = sourcecode.swift; path = HomeViewController.swift; sourceTree = "<group>"; };
		1DD59CBB1C825EAC00D3CC48 /* SearchViewController.swift */ = {isa = PBXFileReference; fileEncoding = 4; lastKnownFileType = sourcecode.swift; path = SearchViewController.swift; sourceTree = "<group>"; };
		1DD59CBD1C825EB400D3CC48 /* ComposeViewController.swift */ = {isa = PBXFileReference; fileEncoding = 4; lastKnownFileType = sourcecode.swift; path = ComposeViewController.swift; sourceTree = "<group>"; };
		1DD59CBF1C825EBE00D3CC48 /* AccountViewController.swift */ = {isa = PBXFileReference; fileEncoding = 4; lastKnownFileType = sourcecode.swift; path = AccountViewController.swift; sourceTree = "<group>"; };
		1DD59CC11C825EC300D3CC48 /* TrendingViewController.swift */ = {isa = PBXFileReference; fileEncoding = 4; lastKnownFileType = sourcecode.swift; path = TrendingViewController.swift; sourceTree = "<group>"; };
		1DEBC3A71C82A33800569DCD /* LoginViewController.swift */ = {isa = PBXFileReference; fileEncoding = 4; lastKnownFileType = sourcecode.swift; path = LoginViewController.swift; sourceTree = "<group>"; };
/* End PBXFileReference section */

/* Begin PBXFrameworksBuildPhase section */
		1DD59C831C82468A00D3CC48 /* Frameworks */ = {
			isa = PBXFrameworksBuildPhase;
			buildActionMask = 2147483647;
			files = (
			);
			runOnlyForDeploymentPostprocessing = 0;
		};
		1DD59C971C82468A00D3CC48 /* Frameworks */ = {
			isa = PBXFrameworksBuildPhase;
			buildActionMask = 2147483647;
			files = (
			);
			runOnlyForDeploymentPostprocessing = 0;
		};
		1DD59CA21C82468A00D3CC48 /* Frameworks */ = {
			isa = PBXFrameworksBuildPhase;
			buildActionMask = 2147483647;
			files = (
			);
			runOnlyForDeploymentPostprocessing = 0;
		};
/* End PBXFrameworksBuildPhase section */

/* Begin PBXGroup section */
		1DD59C7D1C82468A00D3CC48 = {
			isa = PBXGroup;
			children = (
				1DD59C881C82468A00D3CC48 /* Tumblr */,
				1DD59C9D1C82468A00D3CC48 /* TumblrTests */,
				1DD59CA81C82468A00D3CC48 /* TumblrUITests */,
				1DD59C871C82468A00D3CC48 /* Products */,
			);
			sourceTree = "<group>";
		};
		1DD59C871C82468A00D3CC48 /* Products */ = {
			isa = PBXGroup;
			children = (
				1DD59C861C82468A00D3CC48 /* Tumblr.app */,
				1DD59C9A1C82468A00D3CC48 /* TumblrTests.xctest */,
				1DD59CA51C82468A00D3CC48 /* TumblrUITests.xctest */,
			);
			name = Products;
			sourceTree = "<group>";
		};
		1DD59C881C82468A00D3CC48 /* Tumblr */ = {
			isa = PBXGroup;
			children = (
				1DD59C891C82468A00D3CC48 /* AppDelegate.swift */,
				1DD59C8B1C82468A00D3CC48 /* ViewController.swift */,
				1DD59C8D1C82468A00D3CC48 /* Main.storyboard */,
				1DEBC3A71C82A33800569DCD /* LoginViewController.swift */,
				1DD59CBB1C825EAC00D3CC48 /* SearchViewController.swift */,
				1DD59CBD1C825EB400D3CC48 /* ComposeViewController.swift */,
				1DD59CBF1C825EBE00D3CC48 /* AccountViewController.swift */,
				1DD59CC11C825EC300D3CC48 /* TrendingViewController.swift */,
				1DD59CB91C825E7D00D3CC48 /* HomeViewController.swift */,
				1DD59CB71C825D7900D3CC48 /* TabBarViewController.swift */,
				1DD59C901C82468A00D3CC48 /* Assets.xcassets */,
				1DD59C921C82468A00D3CC48 /* LaunchScreen.storyboard */,
				1DD59C951C82468A00D3CC48 /* Info.plist */,
			);
			path = Tumblr;
			sourceTree = "<group>";
		};
		1DD59C9D1C82468A00D3CC48 /* TumblrTests */ = {
			isa = PBXGroup;
			children = (
				1DD59C9E1C82468A00D3CC48 /* TumblrTests.swift */,
				1DD59CA01C82468A00D3CC48 /* Info.plist */,
			);
			path = TumblrTests;
			sourceTree = "<group>";
		};
		1DD59CA81C82468A00D3CC48 /* TumblrUITests */ = {
			isa = PBXGroup;
			children = (
				1DD59CA91C82468A00D3CC48 /* TumblrUITests.swift */,
				1DD59CAB1C82468A00D3CC48 /* Info.plist */,
			);
			path = TumblrUITests;
			sourceTree = "<group>";
		};
/* End PBXGroup section */

/* Begin PBXNativeTarget section */
		1DD59C851C82468A00D3CC48 /* Tumblr */ = {
			isa = PBXNativeTarget;
			buildConfigurationList = 1DD59CAE1C82468A00D3CC48 /* Build configuration list for PBXNativeTarget "Tumblr" */;
			buildPhases = (
				1DD59C821C82468A00D3CC48 /* Sources */,
				1DD59C831C82468A00D3CC48 /* Frameworks */,
				1DD59C841C82468A00D3CC48 /* Resources */,
			);
			buildRules = (
			);
			dependencies = (
			);
			name = Tumblr;
			productName = Tumblr;
			productReference = 1DD59C861C82468A00D3CC48 /* Tumblr.app */;
			productType = "com.apple.product-type.application";
		};
		1DD59C991C82468A00D3CC48 /* TumblrTests */ = {
			isa = PBXNativeTarget;
			buildConfigurationList = 1DD59CB11C82468A00D3CC48 /* Build configuration list for PBXNativeTarget "TumblrTests" */;
			buildPhases = (
				1DD59C961C82468A00D3CC48 /* Sources */,
				1DD59C971C82468A00D3CC48 /* Frameworks */,
				1DD59C981C82468A00D3CC48 /* Resources */,
			);
			buildRules = (
			);
			dependencies = (
				1DD59C9C1C82468A00D3CC48 /* PBXTargetDependency */,
			);
			name = TumblrTests;
			productName = TumblrTests;
			productReference = 1DD59C9A1C82468A00D3CC48 /* TumblrTests.xctest */;
			productType = "com.apple.product-type.bundle.unit-test";
		};
		1DD59CA41C82468A00D3CC48 /* TumblrUITests */ = {
			isa = PBXNativeTarget;
			buildConfigurationList = 1DD59CB41C82468A00D3CC48 /* Build configuration list for PBXNativeTarget "TumblrUITests" */;
			buildPhases = (
				1DD59CA11C82468A00D3CC48 /* Sources */,
				1DD59CA21C82468A00D3CC48 /* Frameworks */,
				1DD59CA31C82468A00D3CC48 /* Resources */,
			);
			buildRules = (
			);
			dependencies = (
				1DD59CA71C82468A00D3CC48 /* PBXTargetDependency */,
			);
			name = TumblrUITests;
			productName = TumblrUITests;
			productReference = 1DD59CA51C82468A00D3CC48 /* TumblrUITests.xctest */;
			productType = "com.apple.product-type.bundle.ui-testing";
		};
/* End PBXNativeTarget section */

/* Begin PBXProject section */
		1DD59C7E1C82468A00D3CC48 /* Project object */ = {
			isa = PBXProject;
			attributes = {
				LastSwiftUpdateCheck = 0730;
				LastUpgradeCheck = 0730;
				ORGANIZATIONNAME = "Madelyn Lee";
				TargetAttributes = {
					1DD59C851C82468A00D3CC48 = {
						CreatedOnToolsVersion = 7.3;
						DevelopmentTeam = X6HZK5UBFY;
					};
					1DD59C991C82468A00D3CC48 = {
						CreatedOnToolsVersion = 7.3;
						DevelopmentTeam = X6HZK5UBFY;
						TestTargetID = 1DD59C851C82468A00D3CC48;
					};
					1DD59CA41C82468A00D3CC48 = {
						CreatedOnToolsVersion = 7.3;
						DevelopmentTeam = X6HZK5UBFY;
						TestTargetID = 1DD59C851C82468A00D3CC48;
					};
				};
			};
			buildConfigurationList = 1DD59C811C82468A00D3CC48 /* Build configuration list for PBXProject "Tumblr" */;
			compatibilityVersion = "Xcode 3.2";
			developmentRegion = English;
			hasScannedForEncodings = 0;
			knownRegions = (
				en,
				Base,
			);
			mainGroup = 1DD59C7D1C82468A00D3CC48;
			productRefGroup = 1DD59C871C82468A00D3CC48 /* Products */;
			projectDirPath = "";
			projectRoot = "";
			targets = (
				1DD59C851C82468A00D3CC48 /* Tumblr */,
				1DD59C991C82468A00D3CC48 /* TumblrTests */,
				1DD59CA41C82468A00D3CC48 /* TumblrUITests */,
			);
		};
/* End PBXProject section */

/* Begin PBXResourcesBuildPhase section */
		1DD59C841C82468A00D3CC48 /* Resources */ = {
			isa = PBXResourcesBuildPhase;
			buildActionMask = 2147483647;
			files = (
				1DD59C941C82468A00D3CC48 /* LaunchScreen.storyboard in Resources */,
				1DD59C911C82468A00D3CC48 /* Assets.xcassets in Resources */,
				1DD59C8F1C82468A00D3CC48 /* Main.storyboard in Resources */,
			);
			runOnlyForDeploymentPostprocessing = 0;
		};
		1DD59C981C82468A00D3CC48 /* Resources */ = {
			isa = PBXResourcesBuildPhase;
			buildActionMask = 2147483647;
			files = (
			);
			runOnlyForDeploymentPostprocessing = 0;
		};
		1DD59CA31C82468A00D3CC48 /* Resources */ = {
			isa = PBXResourcesBuildPhase;
			buildActionMask = 2147483647;
			files = (
			);
			runOnlyForDeploymentPostprocessing = 0;
		};
/* End PBXResourcesBuildPhase section */

/* Begin PBXSourcesBuildPhase section */
		1DD59C821C82468A00D3CC48 /* Sources */ = {
			isa = PBXSourcesBuildPhase;
			buildActionMask = 2147483647;
			files = (
				1DEBC3A81C82A33800569DCD /* LoginViewController.swift in Sources */,
				1DD59CBC1C825EAC00D3CC48 /* SearchViewController.swift in Sources */,
				1DD59CC21C825EC300D3CC48 /* TrendingViewController.swift in Sources */,
				1DD59C8C1C82468A00D3CC48 /* ViewController.swift in Sources */,
				1DD59CC01C825EBE00D3CC48 /* AccountViewController.swift in Sources */,
				1DD59CB81C825D7900D3CC48 /* TabBarViewController.swift in Sources */,
				1DD59CBE1C825EB400D3CC48 /* ComposeViewController.swift in Sources */,
				1DD59C8A1C82468A00D3CC48 /* AppDelegate.swift in Sources */,
				1DD59CBA1C825E7D00D3CC48 /* HomeViewController.swift in Sources */,
			);
			runOnlyForDeploymentPostprocessing = 0;
		};
		1DD59C961C82468A00D3CC48 /* Sources */ = {
			isa = PBXSourcesBuildPhase;
			buildActionMask = 2147483647;
			files = (
				1DD59C9F1C82468A00D3CC48 /* TumblrTests.swift in Sources */,
			);
			runOnlyForDeploymentPostprocessing = 0;
		};
		1DD59CA11C82468A00D3CC48 /* Sources */ = {
			isa = PBXSourcesBuildPhase;
			buildActionMask = 2147483647;
			files = (
				1DD59CAA1C82468A00D3CC48 /* TumblrUITests.swift in Sources */,
			);
			runOnlyForDeploymentPostprocessing = 0;
		};
/* End PBXSourcesBuildPhase section */

/* Begin PBXTargetDependency section */
		1DD59C9C1C82468A00D3CC48 /* PBXTargetDependency */ = {
			isa = PBXTargetDependency;
			target = 1DD59C851C82468A00D3CC48 /* Tumblr */;
			targetProxy = 1DD59C9B1C82468A00D3CC48 /* PBXContainerItemProxy */;
		};
		1DD59CA71C82468A00D3CC48 /* PBXTargetDependency */ = {
			isa = PBXTargetDependency;
			target = 1DD59C851C82468A00D3CC48 /* Tumblr */;
			targetProxy = 1DD59CA61C82468A00D3CC48 /* PBXContainerItemProxy */;
		};
/* End PBXTargetDependency section */

/* Begin PBXVariantGroup section */
		1DD59C8D1C82468A00D3CC48 /* Main.storyboard */ = {
			isa = PBXVariantGroup;
			children = (
				1DD59C8E1C82468A00D3CC48 /* Base */,
			);
			name = Main.storyboard;
			sourceTree = "<group>";
		};
		1DD59C921C82468A00D3CC48 /* LaunchScreen.storyboard */ = {
			isa = PBXVariantGroup;
			children = (
				1DD59C931C82468A00D3CC48 /* Base */,
			);
			name = LaunchScreen.storyboard;
			sourceTree = "<group>";
		};
/* End PBXVariantGroup section */

/* Begin XCBuildConfiguration section */
		1DD59CAC1C82468A00D3CC48 /* Debug */ = {
			isa = XCBuildConfiguration;
			buildSettings = {
				ALWAYS_SEARCH_USER_PATHS = NO;
				CLANG_CXX_LANGUAGE_STANDARD = "gnu++0x";
				CLANG_CXX_LIBRARY = "libc++";
				CLANG_ENABLE_MODULES = YES;
				CLANG_ENABLE_OBJC_ARC = YES;
				CLANG_WARN_BOOL_CONVERSION = YES;
				CLANG_WARN_CONSTANT_CONVERSION = YES;
				CLANG_WARN_DIRECT_OBJC_ISA_USAGE = YES_ERROR;
				CLANG_WARN_EMPTY_BODY = YES;
				CLANG_WARN_ENUM_CONVERSION = YES;
				CLANG_WARN_INT_CONVERSION = YES;
				CLANG_WARN_OBJC_ROOT_CLASS = YES_ERROR;
				CLANG_WARN_UNREACHABLE_CODE = YES;
				CLANG_WARN__DUPLICATE_METHOD_MATCH = YES;
				"CODE_SIGN_IDENTITY[sdk=iphoneos*]" = "iPhone Developer";
				COPY_PHASE_STRIP = NO;
				DEBUG_INFORMATION_FORMAT = dwarf;
				ENABLE_STRICT_OBJC_MSGSEND = YES;
				ENABLE_TESTABILITY = YES;
				GCC_C_LANGUAGE_STANDARD = gnu99;
				GCC_DYNAMIC_NO_PIC = NO;
				GCC_NO_COMMON_BLOCKS = YES;
				GCC_OPTIMIZATION_LEVEL = 0;
				GCC_PREPROCESSOR_DEFINITIONS = (
					"DEBUG=1",
					"$(inherited)",
				);
				GCC_WARN_64_TO_32_BIT_CONVERSION = YES;
				GCC_WARN_ABOUT_RETURN_TYPE = YES_ERROR;
				GCC_WARN_UNDECLARED_SELECTOR = YES;
				GCC_WARN_UNINITIALIZED_AUTOS = YES_AGGRESSIVE;
				GCC_WARN_UNUSED_FUNCTION = YES;
				GCC_WARN_UNUSED_VARIABLE = YES;
				IPHONEOS_DEPLOYMENT_TARGET = 9.3;
				MTL_ENABLE_DEBUG_INFO = YES;
				ONLY_ACTIVE_ARCH = YES;
				SDKROOT = iphoneos;
				SWIFT_OPTIMIZATION_LEVEL = "-Onone";
			};
			name = Debug;
		};
		1DD59CAD1C82468A00D3CC48 /* Release */ = {
			isa = XCBuildConfiguration;
			buildSettings = {
				ALWAYS_SEARCH_USER_PATHS = NO;
				CLANG_CXX_LANGUAGE_STANDARD = "gnu++0x";
				CLANG_CXX_LIBRARY = "libc++";
				CLANG_ENABLE_MODULES = YES;
				CLANG_ENABLE_OBJC_ARC = YES;
				CLANG_WARN_BOOL_CONVERSION = YES;
				CLANG_WARN_CONSTANT_CONVERSION = YES;
				CLANG_WARN_DIRECT_OBJC_ISA_USAGE = YES_ERROR;
				CLANG_WARN_EMPTY_BODY = YES;
				CLANG_WARN_ENUM_CONVERSION = YES;
				CLANG_WARN_INT_CONVERSION = YES;
				CLANG_WARN_OBJC_ROOT_CLASS = YES_ERROR;
				CLANG_WARN_UNREACHABLE_CODE = YES;
				CLANG_WARN__DUPLICATE_METHOD_MATCH = YES;
				"CODE_SIGN_IDENTITY[sdk=iphoneos*]" = "iPhone Developer";
				COPY_PHASE_STRIP = NO;
				DEBUG_INFORMATION_FORMAT = "dwarf-with-dsym";
				ENABLE_NS_ASSERTIONS = NO;
				ENABLE_STRICT_OBJC_MSGSEND = YES;
				GCC_C_LANGUAGE_STANDARD = gnu99;
				GCC_NO_COMMON_BLOCKS = YES;
				GCC_WARN_64_TO_32_BIT_CONVERSION = YES;
				GCC_WARN_ABOUT_RETURN_TYPE = YES_ERROR;
				GCC_WARN_UNDECLARED_SELECTOR = YES;
				GCC_WARN_UNINITIALIZED_AUTOS = YES_AGGRESSIVE;
				GCC_WARN_UNUSED_FUNCTION = YES;
				GCC_WARN_UNUSED_VARIABLE = YES;
				IPHONEOS_DEPLOYMENT_TARGET = 9.3;
				MTL_ENABLE_DEBUG_INFO = NO;
				SDKROOT = iphoneos;
				VALIDATE_PRODUCT = YES;
			};
			name = Release;
		};
		1DD59CAF1C82468A00D3CC48 /* Debug */ = {
			isa = XCBuildConfiguration;
			buildSettings = {
				ASSETCATALOG_COMPILER_APPICON_NAME = AppIcon;
				INFOPLIST_FILE = Tumblr/Info.plist;
				IPHONEOS_DEPLOYMENT_TARGET = 9.2;
				LD_RUNPATH_SEARCH_PATHS = "$(inherited) @executable_path/Frameworks";
				PRODUCT_BUNDLE_IDENTIFIER = Codepath.Tumblr;
				PRODUCT_NAME = "$(TARGET_NAME)";
			};
			name = Debug;
		};
		1DD59CB01C82468A00D3CC48 /* Release */ = {
			isa = XCBuildConfiguration;
			buildSettings = {
				ASSETCATALOG_COMPILER_APPICON_NAME = AppIcon;
				INFOPLIST_FILE = Tumblr/Info.plist;
				IPHONEOS_DEPLOYMENT_TARGET = 9.2;
				LD_RUNPATH_SEARCH_PATHS = "$(inherited) @executable_path/Frameworks";
				PRODUCT_BUNDLE_IDENTIFIER = Codepath.Tumblr;
				PRODUCT_NAME = "$(TARGET_NAME)";
			};
			name = Release;
		};
		1DD59CB21C82468A00D3CC48 /* Debug */ = {
			isa = XCBuildConfiguration;
			buildSettings = {
				BUNDLE_LOADER = "$(TEST_HOST)";
				INFOPLIST_FILE = TumblrTests/Info.plist;
				LD_RUNPATH_SEARCH_PATHS = "$(inherited) @executable_path/Frameworks @loader_path/Frameworks";
				PRODUCT_BUNDLE_IDENTIFIER = Codepath.TumblrTests;
				PRODUCT_NAME = "$(TARGET_NAME)";
				TEST_HOST = "$(BUILT_PRODUCTS_DIR)/Tumblr.app/Tumblr";
			};
			name = Debug;
		};
		1DD59CB31C82468A00D3CC48 /* Release */ = {
			isa = XCBuildConfiguration;
			buildSettings = {
				BUNDLE_LOADER = "$(TEST_HOST)";
				INFOPLIST_FILE = TumblrTests/Info.plist;
				LD_RUNPATH_SEARCH_PATHS = "$(inherited) @executable_path/Frameworks @loader_path/Frameworks";
				PRODUCT_BUNDLE_IDENTIFIER = Codepath.TumblrTests;
				PRODUCT_NAME = "$(TARGET_NAME)";
				TEST_HOST = "$(BUILT_PRODUCTS_DIR)/Tumblr.app/Tumblr";
			};
			name = Release;
		};
		1DD59CB51C82468A00D3CC48 /* Debug */ = {
			isa = XCBuildConfiguration;
			buildSettings = {
				INFOPLIST_FILE = TumblrUITests/Info.plist;
				LD_RUNPATH_SEARCH_PATHS = "$(inherited) @executable_path/Frameworks @loader_path/Frameworks";
				PRODUCT_BUNDLE_IDENTIFIER = Codepath.TumblrUITests;
				PRODUCT_NAME = "$(TARGET_NAME)";
				TEST_TARGET_NAME = Tumblr;
			};
			name = Debug;
		};
		1DD59CB61C82468A00D3CC48 /* Release */ = {
			isa = XCBuildConfiguration;
			buildSettings = {
				INFOPLIST_FILE = TumblrUITests/Info.plist;
				LD_RUNPATH_SEARCH_PATHS = "$(inherited) @executable_path/Frameworks @loader_path/Frameworks";
				PRODUCT_BUNDLE_IDENTIFIER = Codepath.TumblrUITests;
				PRODUCT_NAME = "$(TARGET_NAME)";
				TEST_TARGET_NAME = Tumblr;
			};
			name = Release;
		};
/* End XCBuildConfiguration section */

/* Begin XCConfigurationList section */
		1DD59C811C82468A00D3CC48 /* Build configuration list for PBXProject "Tumblr" */ = {
			isa = XCConfigurationList;
			buildConfigurations = (
				1DD59CAC1C82468A00D3CC48 /* Debug */,
				1DD59CAD1C82468A00D3CC48 /* Release */,
			);
			defaultConfigurationIsVisible = 0;
			defaultConfigurationName = Release;
		};
		1DD59CAE1C82468A00D3CC48 /* Build configuration list for PBXNativeTarget "Tumblr" */ = {
			isa = XCConfigurationList;
			buildConfigurations = (
				1DD59CAF1C82468A00D3CC48 /* Debug */,
				1DD59CB01C82468A00D3CC48 /* Release */,
			);
			defaultConfigurationIsVisible = 0;
			defaultConfigurationName = Release;
		};
		1DD59CB11C82468A00D3CC48 /* Build configuration list for PBXNativeTarget "TumblrTests" */ = {
			isa = XCConfigurationList;
			buildConfigurations = (
				1DD59CB21C82468A00D3CC48 /* Debug */,
				1DD59CB31C82468A00D3CC48 /* Release */,
			);
			defaultConfigurationIsVisible = 0;
			defaultConfigurationName = Release;
		};
		1DD59CB41C82468A00D3CC48 /* Build configuration list for PBXNativeTarget "TumblrUITests" */ = {
			isa = XCConfigurationList;
			buildConfigurations = (
				1DD59CB51C82468A00D3CC48 /* Debug */,
				1DD59CB61C82468A00D3CC48 /* Release */,
			);
			defaultConfigurationIsVisible = 0;
			defaultConfigurationName = Release;
		};
/* End XCConfigurationList section */
	};
	rootObject = 1DD59C7E1C82468A00D3CC48 /* Project object */;
}
